
Microsoft Visual Studio Solution File, Format Version 12.00
# Visual Studio Version 17
VisualStudioVersion = 17.0.31903.59
MinimumVisualStudioVersion = 10.0.40219.1
Project("{FAE04EC0-301F-11D3-BF4B-00C04F79EFBC}") = "ExerciseCLI", "ExerciseCLI\ExerciseCLI.csproj", "{A7E0F0BC-B87C-48BC-8CA6-7385F389B016}"
EndProject
Project("{FAE04EC0-301F-11D3-BF4B-00C04F79EFBC}") = "ExerciseWPF", "ExerciseWPF\ExerciseWPF.csproj", "{B65407BD-97E6-4449-9F1C-C378D0A65205}"
EndProject
Project("{FAE04EC0-301F-11D3-BF4B-00C04F79EFBC}") = "MatrixCalculationsBL", "MatrixCalculationsBL\MatrixCalculationsBL.csproj", "{CC1B74A1-BA9D-417B-A74A-A2CA870A9B81}"
EndProject
Project("{FAE04EC0-301F-11D3-BF4B-00C04F79EFBC}") = "UnitTesting", "UnitTesting\UnitTesting.csproj", "{7A838AB1-6F26-45F1-AAC2-C804F10CBF0D}"
EndProject
Project("{FAE04EC0-301F-11D3-BF4B-00C04F79EFBC}") = "IntegrationTests", "IntegrationTests\IntegrationTests.csproj", "{D6767A98-AD68-4A98-88D3-F04C6B113C97}"
EndProject
Global
	GlobalSection(SolutionConfigurationPlatforms) = preSolution
		Debug|Any CPU = Debug|Any CPU
		Release|Any CPU = Release|Any CPU
	EndGlobalSection
	GlobalSection(ProjectConfigurationPlatforms) = postSolution
		{A7E0F0BC-B87C-48BC-8CA6-7385F389B016}.Debug|Any CPU.ActiveCfg = Debug|Any CPU
		{A7E0F0BC-B87C-48BC-8CA6-7385F389B016}.Debug|Any CPU.Build.0 = Debug|Any CPU
		{A7E0F0BC-B87C-48BC-8CA6-7385F389B016}.Release|Any CPU.ActiveCfg = Release|Any CPU
		{A7E0F0BC-B87C-48BC-8CA6-7385F389B016}.Release|Any CPU.Build.0 = Release|Any CPU
		{B65407BD-97E6-4449-9F1C-C378D0A65205}.Debug|Any CPU.ActiveCfg = Debug|Any CPU
		{B65407BD-97E6-4449-9F1C-C378D0A65205}.Debug|Any CPU.Build.0 = Debug|Any CPU
		{B65407BD-97E6-4449-9F1C-C378D0A65205}.Release|Any CPU.ActiveCfg = Release|Any CPU
		{B65407BD-97E6-4449-9F1C-C378D0A65205}.Release|Any CPU.Build.0 = Release|Any CPU
		{CC1B74A1-BA9D-417B-A74A-A2CA870A9B81}.Debug|Any CPU.ActiveCfg = Debug|Any CPU
		{CC1B74A1-BA9D-417B-A74A-A2CA870A9B81}.Debug|Any CPU.Build.0 = Debug|Any CPU
		{CC1B74A1-BA9D-417B-A74A-A2CA870A9B81}.Release|Any CPU.ActiveCfg = Release|Any CPU
		{CC1B74A1-BA9D-417B-A74A-A2CA870A9B81}.Release|Any CPU.Build.0 = Release|Any CPU
		{7A838AB1-6F26-45F1-AAC2-C804F10CBF0D}.Debug|Any CPU.ActiveCfg = Debug|Any CPU
		{7A838AB1-6F26-45F1-AAC2-C804F10CBF0D}.Debug|Any CPU.Build.0 = Debug|Any CPU
		{7A838AB1-6F26-45F1-AAC2-C804F10CBF0D}.Release|Any CPU.ActiveCfg = Release|Any CPU
		{7A838AB1-6F26-45F1-AAC2-C804F10CBF0D}.Release|Any CPU.Build.0 = Release|Any CPU
		{D6767A98-AD68-4A98-88D3-F04C6B113C97}.Debug|Any CPU.ActiveCfg = Debug|Any CPU
		{D6767A98-AD68-4A98-88D3-F04C6B113C97}.Debug|Any CPU.Build.0 = Debug|Any CPU
		{D6767A98-AD68-4A98-88D3-F04C6B113C97}.Release|Any CPU.ActiveCfg = Release|Any CPU
		{D6767A98-AD68-4A98-88D3-F04C6B113C97}.Release|Any CPU.Build.0 = Release|Any CPU
	EndGlobalSection
	GlobalSection(SolutionProperties) = preSolution
		HideSolutionNode = FALSE
	EndGlobalSection
	GlobalSection(ExtensibilityGlobals) = postSolution
		SolutionGuid = {597D311B-5461-41DC-983A-71DA690CA412}
	EndGlobalSection
EndGlobal
